// !$*UTF8*$!
{
	archiveVersion = 1;
	classes = {
	};
	objectVersion = 56;
	objects = {

/* Begin PBXBuildFile section */
		2F4D58AF2980D70A003E1BC0 /* TabBarViewController.swift in Sources */ = {isa = PBXBuildFile; fileRef = 2F4D58AE2980D70A003E1BC0 /* TabBarViewController.swift */; };
		2F7514C5297C391A00CF0733 /* TabBar.storyboard in Resources */ = {isa = PBXBuildFile; fileRef = 2F7514C4297C391A00CF0733 /* TabBar.storyboard */; };
		2F7514C8297C3EE000CF0733 /* MyPageViewController.swift in Sources */ = {isa = PBXBuildFile; fileRef = 2F7514C7297C3EE000CF0733 /* MyPageViewController.swift */; };
		2F7514CA297C3F4400CF0733 /* MyPage.storyboard in Resources */ = {isa = PBXBuildFile; fileRef = 2F7514C9297C3F4400CF0733 /* MyPage.storyboard */; };
		2FB61CE1297C260500C5092E /* AppDelegate.swift in Sources */ = {isa = PBXBuildFile; fileRef = 2FB61CE0297C260500C5092E /* AppDelegate.swift */; };
		2FB61CE3297C260500C5092E /* SceneDelegate.swift in Sources */ = {isa = PBXBuildFile; fileRef = 2FB61CE2297C260500C5092E /* SceneDelegate.swift */; };
		2FB61CE5297C260500C5092E /* ViewController.swift in Sources */ = {isa = PBXBuildFile; fileRef = 2FB61CE4297C260500C5092E /* ViewController.swift */; };
		2FB61CE8297C260500C5092E /* Main.storyboard in Resources */ = {isa = PBXBuildFile; fileRef = 2FB61CE6297C260500C5092E /* Main.storyboard */; };
		2FB61CEA297C260600C5092E /* Assets.xcassets in Resources */ = {isa = PBXBuildFile; fileRef = 2FB61CE9297C260600C5092E /* Assets.xcassets */; };
		2FB61CED297C260600C5092E /* LaunchScreen.storyboard in Resources */ = {isa = PBXBuildFile; fileRef = 2FB61CEB297C260600C5092E /* LaunchScreen.storyboard */; };
		2FCE639D297D505A009DF514 /* LoginViewController.swift in Sources */ = {isa = PBXBuildFile; fileRef = 2FCE639C297D505A009DF514 /* LoginViewController.swift */; };
		2FCE639F297D5064009DF514 /* Login.storyboard in Resources */ = {isa = PBXBuildFile; fileRef = 2FCE639E297D5064009DF514 /* Login.storyboard */; };
		2FCED25E29804041000947D2 /* WatchViewController.swift in Sources */ = {isa = PBXBuildFile; fileRef = 2FCED25D29804041000947D2 /* WatchViewController.swift */; };
		2FCED2602980404F000947D2 /* Watch.storyboard in Resources */ = {isa = PBXBuildFile; fileRef = 2FCED25F2980404F000947D2 /* Watch.storyboard */; };
		501FCCFF356F1948B0DB0763 /* Pods_Weather_Wear.framework in Frameworks */ = {isa = PBXBuildFile; fileRef = 69D4138E799B95E932C5B144 /* Pods_Weather_Wear.framework */; };
		DB4BA6DA29801092007E608B /* SpoqaHanSansNeo-Regular.ttf in Resources */ = {isa = PBXBuildFile; fileRef = DB4BA6D529801091007E608B /* SpoqaHanSansNeo-Regular.ttf */; };
		DB4BA6DB29801092007E608B /* SpoqaHanSansNeo-Thin.ttf in Resources */ = {isa = PBXBuildFile; fileRef = DB4BA6D629801091007E608B /* SpoqaHanSansNeo-Thin.ttf */; };
		DB4BA6DC29801092007E608B /* SpoqaHanSansNeo-Medium.ttf in Resources */ = {isa = PBXBuildFile; fileRef = DB4BA6D729801091007E608B /* SpoqaHanSansNeo-Medium.ttf */; };
		DB4BA6DD29801092007E608B /* SpoqaHanSansNeo-Light.ttf in Resources */ = {isa = PBXBuildFile; fileRef = DB4BA6D829801091007E608B /* SpoqaHanSansNeo-Light.ttf */; };
		DB4BA6DE29801092007E608B /* SpoqaHanSansNeo-Bold.ttf in Resources */ = {isa = PBXBuildFile; fileRef = DB4BA6D929801092007E608B /* SpoqaHanSansNeo-Bold.ttf */; };
		DBC076172980EA8200729178 /* HomeWearInfo.swift in Sources */ = {isa = PBXBuildFile; fileRef = DBC076162980EA8200729178 /* HomeWearInfo.swift */; };
		DBF94FFA297D5FF300F9A777 /* HomeViewController.swift in Sources */ = {isa = PBXBuildFile; fileRef = DBF94FF9297D5FF300F9A777 /* HomeViewController.swift */; };
		DBF94FFC297D600600F9A777 /* Home.storyboard in Resources */ = {isa = PBXBuildFile; fileRef = DBF94FFB297D600600F9A777 /* Home.storyboard */; };
		DBFFB3512980071900E81E4D /* HomeWeatherInfo.swift in Sources */ = {isa = PBXBuildFile; fileRef = DBFFB3502980071900E81E4D /* HomeWeatherInfo.swift */; };
/* End PBXBuildFile section */

/* Begin PBXFileReference section */
		2F4D58AE2980D70A003E1BC0 /* TabBarViewController.swift */ = {isa = PBXFileReference; lastKnownFileType = sourcecode.swift; path = TabBarViewController.swift; sourceTree = "<group>"; };
		2F7514C4297C391A00CF0733 /* TabBar.storyboard */ = {isa = PBXFileReference; lastKnownFileType = file.storyboard; path = TabBar.storyboard; sourceTree = "<group>"; };
		2F7514C7297C3EE000CF0733 /* MyPageViewController.swift */ = {isa = PBXFileReference; lastKnownFileType = sourcecode.swift; path = MyPageViewController.swift; sourceTree = "<group>"; };
		2F7514C9297C3F4400CF0733 /* MyPage.storyboard */ = {isa = PBXFileReference; lastKnownFileType = file.storyboard; path = MyPage.storyboard; sourceTree = "<group>"; };
		2FB61CDD297C260500C5092E /* Weather-Wear.app */ = {isa = PBXFileReference; explicitFileType = wrapper.application; includeInIndex = 0; path = "Weather-Wear.app"; sourceTree = BUILT_PRODUCTS_DIR; };
		2FB61CE0297C260500C5092E /* AppDelegate.swift */ = {isa = PBXFileReference; lastKnownFileType = sourcecode.swift; path = AppDelegate.swift; sourceTree = "<group>"; };
		2FB61CE2297C260500C5092E /* SceneDelegate.swift */ = {isa = PBXFileReference; lastKnownFileType = sourcecode.swift; path = SceneDelegate.swift; sourceTree = "<group>"; };
		2FB61CE4297C260500C5092E /* ViewController.swift */ = {isa = PBXFileReference; lastKnownFileType = sourcecode.swift; path = ViewController.swift; sourceTree = "<group>"; };
		2FB61CE7297C260500C5092E /* Base */ = {isa = PBXFileReference; lastKnownFileType = file.storyboard; name = Base; path = Base.lproj/Main.storyboard; sourceTree = "<group>"; };
		2FB61CE9297C260600C5092E /* Assets.xcassets */ = {isa = PBXFileReference; lastKnownFileType = folder.assetcatalog; path = Assets.xcassets; sourceTree = "<group>"; };
		2FB61CEC297C260600C5092E /* Base */ = {isa = PBXFileReference; lastKnownFileType = file.storyboard; name = Base; path = Base.lproj/LaunchScreen.storyboard; sourceTree = "<group>"; };
		2FCE639C297D505A009DF514 /* LoginViewController.swift */ = {isa = PBXFileReference; lastKnownFileType = sourcecode.swift; path = LoginViewController.swift; sourceTree = "<group>"; };
		2FCE639E297D5064009DF514 /* Login.storyboard */ = {isa = PBXFileReference; lastKnownFileType = file.storyboard; path = Login.storyboard; sourceTree = "<group>"; };
		2FCED25D29804041000947D2 /* WatchViewController.swift */ = {isa = PBXFileReference; lastKnownFileType = sourcecode.swift; path = WatchViewController.swift; sourceTree = "<group>"; };
		2FCED25F2980404F000947D2 /* Watch.storyboard */ = {isa = PBXFileReference; lastKnownFileType = file.storyboard; path = Watch.storyboard; sourceTree = "<group>"; };
		69D4138E799B95E932C5B144 /* Pods_Weather_Wear.framework */ = {isa = PBXFileReference; explicitFileType = wrapper.framework; includeInIndex = 0; path = Pods_Weather_Wear.framework; sourceTree = BUILT_PRODUCTS_DIR; };
		ACC1B18FFA9F17FDF2E19BB3 /* Pods-Weather-Wear.release.xcconfig */ = {isa = PBXFileReference; includeInIndex = 1; lastKnownFileType = text.xcconfig; name = "Pods-Weather-Wear.release.xcconfig"; path = "Target Support Files/Pods-Weather-Wear/Pods-Weather-Wear.release.xcconfig"; sourceTree = "<group>"; };
		DB4BA6D529801091007E608B /* SpoqaHanSansNeo-Regular.ttf */ = {isa = PBXFileReference; lastKnownFileType = file; path = "SpoqaHanSansNeo-Regular.ttf"; sourceTree = "<group>"; };
		DB4BA6D629801091007E608B /* SpoqaHanSansNeo-Thin.ttf */ = {isa = PBXFileReference; lastKnownFileType = file; path = "SpoqaHanSansNeo-Thin.ttf"; sourceTree = "<group>"; };
		DB4BA6D729801091007E608B /* SpoqaHanSansNeo-Medium.ttf */ = {isa = PBXFileReference; lastKnownFileType = file; path = "SpoqaHanSansNeo-Medium.ttf"; sourceTree = "<group>"; };
		DB4BA6D829801091007E608B /* SpoqaHanSansNeo-Light.ttf */ = {isa = PBXFileReference; lastKnownFileType = file; path = "SpoqaHanSansNeo-Light.ttf"; sourceTree = "<group>"; };
		DB4BA6D929801092007E608B /* SpoqaHanSansNeo-Bold.ttf */ = {isa = PBXFileReference; lastKnownFileType = file; path = "SpoqaHanSansNeo-Bold.ttf"; sourceTree = "<group>"; };
		DBC076162980EA8200729178 /* HomeWearInfo.swift */ = {isa = PBXFileReference; lastKnownFileType = sourcecode.swift; path = HomeWearInfo.swift; sourceTree = "<group>"; };
		DBF94FF9297D5FF300F9A777 /* HomeViewController.swift */ = {isa = PBXFileReference; lastKnownFileType = sourcecode.swift; path = HomeViewController.swift; sourceTree = "<group>"; };
		DBF94FFB297D600600F9A777 /* Home.storyboard */ = {isa = PBXFileReference; lastKnownFileType = file.storyboard; path = Home.storyboard; sourceTree = "<group>"; };
		DBFFB3502980071900E81E4D /* HomeWeatherInfo.swift */ = {isa = PBXFileReference; lastKnownFileType = sourcecode.swift; path = HomeWeatherInfo.swift; sourceTree = "<group>"; };
		F3FA15FE215FA167DC398DBB /* Pods-Weather-Wear.debug.xcconfig */ = {isa = PBXFileReference; includeInIndex = 1; lastKnownFileType = text.xcconfig; name = "Pods-Weather-Wear.debug.xcconfig"; path = "Target Support Files/Pods-Weather-Wear/Pods-Weather-Wear.debug.xcconfig"; sourceTree = "<group>"; };
/* End PBXFileReference section */

/* Begin PBXFrameworksBuildPhase section */
		2FB61CDA297C260500C5092E /* Frameworks */ = {
			isa = PBXFrameworksBuildPhase;
			buildActionMask = 2147483647;
			files = (
				501FCCFF356F1948B0DB0763 /* Pods_Weather_Wear.framework in Frameworks */,
			);
			runOnlyForDeploymentPostprocessing = 0;
		};
/* End PBXFrameworksBuildPhase section */

/* Begin PBXGroup section */
		2F7514C6297C3EC100CF0733 /* MyPage */ = {
			isa = PBXGroup;
			children = (
				2F7514C7297C3EE000CF0733 /* MyPageViewController.swift */,
				2F7514C9297C3F4400CF0733 /* MyPage.storyboard */,
			);
			path = MyPage;
			sourceTree = "<group>";
		};
		2FB61CD4297C260500C5092E = {
			isa = PBXGroup;
			children = (
				2FB61CDF297C260500C5092E /* Weather-Wear */,
				2FB61CDE297C260500C5092E /* Products */,
				6DC064CF986BA9711387AF38 /* Pods */,
				8355F463B287A0628DA57C33 /* Frameworks */,
			);
			sourceTree = "<group>";
		};
		2FB61CDE297C260500C5092E /* Products */ = {
			isa = PBXGroup;
			children = (
				2FB61CDD297C260500C5092E /* Weather-Wear.app */,
			);
			name = Products;
			sourceTree = "<group>";
		};
		2FB61CDF297C260500C5092E /* Weather-Wear */ = {
			isa = PBXGroup;
			children = (
				DBF94FF8297D5FC700F9A777 /* Home */,
				2FCED25C29804026000947D2 /* Watch */,
				2FCE639B297D502B009DF514 /* Login */,
				2F7514C6297C3EC100CF0733 /* MyPage */,
				2FB61CE0297C260500C5092E /* AppDelegate.swift */,
				2FB61CE2297C260500C5092E /* SceneDelegate.swift */,
				2FB61CE4297C260500C5092E /* ViewController.swift */,
				2FB61CE6297C260500C5092E /* Main.storyboard */,
				2FB61CE9297C260600C5092E /* Assets.xcassets */,
				2FB61CEB297C260600C5092E /* LaunchScreen.storyboard */,
				2F7514C4297C391A00CF0733 /* TabBar.storyboard */,
				2F4D58AE2980D70A003E1BC0 /* TabBarViewController.swift */,
			);
			path = "Weather-Wear";
			sourceTree = "<group>";
		};
		2FCE639B297D502B009DF514 /* Login */ = {
			isa = PBXGroup;
			children = (
				2FCE639C297D505A009DF514 /* LoginViewController.swift */,
				2FCE639E297D5064009DF514 /* Login.storyboard */,
			);
			path = Login;
			sourceTree = "<group>";
		};
		2FCED25C29804026000947D2 /* Watch */ = {
			isa = PBXGroup;
			children = (
				2FCED25D29804041000947D2 /* WatchViewController.swift */,
				2FCED25F2980404F000947D2 /* Watch.storyboard */,
			);
			path = Watch;
			sourceTree = "<group>";
		};
		6DC064CF986BA9711387AF38 /* Pods */ = {
			isa = PBXGroup;
			children = (
				F3FA15FE215FA167DC398DBB /* Pods-Weather-Wear.debug.xcconfig */,
				ACC1B18FFA9F17FDF2E19BB3 /* Pods-Weather-Wear.release.xcconfig */,
			);
			path = Pods;
			sourceTree = "<group>";
		};
		8355F463B287A0628DA57C33 /* Frameworks */ = {
			isa = PBXGroup;
			children = (
				69D4138E799B95E932C5B144 /* Pods_Weather_Wear.framework */,
			);
			name = Frameworks;
			sourceTree = "<group>";
		};
		DBF94FF8297D5FC700F9A777 /* Home */ = {
			isa = PBXGroup;
			children = (
				DBF94FFB297D600600F9A777 /* Home.storyboard */,
				DBF94FF9297D5FF300F9A777 /* HomeViewController.swift */,
				DBFFB3502980071900E81E4D /* HomeWeatherInfo.swift */,
				DBC076162980EA8200729178 /* HomeWearInfo.swift */,
				DB4BA6D929801092007E608B /* SpoqaHanSansNeo-Bold.ttf */,
				DB4BA6D829801091007E608B /* SpoqaHanSansNeo-Light.ttf */,
				DB4BA6D729801091007E608B /* SpoqaHanSansNeo-Medium.ttf */,
				DB4BA6D529801091007E608B /* SpoqaHanSansNeo-Regular.ttf */,
				DB4BA6D629801091007E608B /* SpoqaHanSansNeo-Thin.ttf */,
			);
			path = Home;
			sourceTree = "<group>";
		};
/* End PBXGroup section */

/* Begin PBXNativeTarget section */
		2FB61CDC297C260500C5092E /* Weather-Wear */ = {
			isa = PBXNativeTarget;
			buildConfigurationList = 2FB61CF1297C260600C5092E /* Build configuration list for PBXNativeTarget "Weather-Wear" */;
			buildPhases = (
				3902D8085F921E613B983A50 /* [CP] Check Pods Manifest.lock */,
				2FB61CD9297C260500C5092E /* Sources */,
				2FB61CDA297C260500C5092E /* Frameworks */,
				2FB61CDB297C260500C5092E /* Resources */,
				6D60BB7F05D54D61870E3F61 /* [CP] Embed Pods Frameworks */,
			);
			buildRules = (
			);
			dependencies = (
			);
			name = "Weather-Wear";
			productName = "Weather-Wear";
			productReference = 2FB61CDD297C260500C5092E /* Weather-Wear.app */;
			productType = "com.apple.product-type.application";
		};
/* End PBXNativeTarget section */

/* Begin PBXProject section */
		2FB61CD5297C260500C5092E /* Project object */ = {
			isa = PBXProject;
			attributes = {
				BuildIndependentTargetsInParallel = 1;
				LastSwiftUpdateCheck = 1400;
				LastUpgradeCheck = 1400;
				TargetAttributes = {
					2FB61CDC297C260500C5092E = {
						CreatedOnToolsVersion = 14.0;
					};
				};
			};
			buildConfigurationList = 2FB61CD8297C260500C5092E /* Build configuration list for PBXProject "Weather-Wear" */;
			compatibilityVersion = "Xcode 14.0";
			developmentRegion = en;
			hasScannedForEncodings = 0;
			knownRegions = (
				en,
				Base,
			);
			mainGroup = 2FB61CD4297C260500C5092E;
			productRefGroup = 2FB61CDE297C260500C5092E /* Products */;
			projectDirPath = "";
			projectRoot = "";
			targets = (
				2FB61CDC297C260500C5092E /* Weather-Wear */,
			);
		};
/* End PBXProject section */

/* Begin PBXResourcesBuildPhase section */
		2FB61CDB297C260500C5092E /* Resources */ = {
			isa = PBXResourcesBuildPhase;
			buildActionMask = 2147483647;
			files = (
				DB4BA6DD29801092007E608B /* SpoqaHanSansNeo-Light.ttf in Resources */,
				2F7514C5297C391A00CF0733 /* TabBar.storyboard in Resources */,
				DB4BA6DA29801092007E608B /* SpoqaHanSansNeo-Regular.ttf in Resources */,
				2F7514CA297C3F4400CF0733 /* MyPage.storyboard in Resources */,
				DB4BA6DC29801092007E608B /* SpoqaHanSansNeo-Medium.ttf in Resources */,
				2FCE639F297D5064009DF514 /* Login.storyboard in Resources */,
				2FB61CED297C260600C5092E /* LaunchScreen.storyboard in Resources */,
				DB4BA6DE29801092007E608B /* SpoqaHanSansNeo-Bold.ttf in Resources */,
				DBF94FFC297D600600F9A777 /* Home.storyboard in Resources */,
				2FB61CEA297C260600C5092E /* Assets.xcassets in Resources */,
				DB4BA6DB29801092007E608B /* SpoqaHanSansNeo-Thin.ttf in Resources */,
				2FB61CE8297C260500C5092E /* Main.storyboard in Resources */,
				2FCED2602980404F000947D2 /* Watch.storyboard in Resources */,
			);
			runOnlyForDeploymentPostprocessing = 0;
		};
/* End PBXResourcesBuildPhase section */

/* Begin PBXShellScriptBuildPhase section */
		3902D8085F921E613B983A50 /* [CP] Check Pods Manifest.lock */ = {
			isa = PBXShellScriptBuildPhase;
			buildActionMask = 2147483647;
			files = (
			);
			inputFileListPaths = (
			);
			inputPaths = (
				"${PODS_PODFILE_DIR_PATH}/Podfile.lock",
				"${PODS_ROOT}/Manifest.lock",
			);
			name = "[CP] Check Pods Manifest.lock";
			outputFileListPaths = (
			);
			outputPaths = (
				"$(DERIVED_FILE_DIR)/Pods-Weather-Wear-checkManifestLockResult.txt",
			);
			runOnlyForDeploymentPostprocessing = 0;
			shellPath = /bin/sh;
			shellScript = "diff \"${PODS_PODFILE_DIR_PATH}/Podfile.lock\" \"${PODS_ROOT}/Manifest.lock\" > /dev/null\nif [ $? != 0 ] ; then\n    # print error to STDERR\n    echo \"error: The sandbox is not in sync with the Podfile.lock. Run 'pod install' or update your CocoaPods installation.\" >&2\n    exit 1\nfi\n# This output is used by Xcode 'outputs' to avoid re-running this script phase.\necho \"SUCCESS\" > \"${SCRIPT_OUTPUT_FILE_0}\"\n";
			showEnvVarsInLog = 0;
		};
		6D60BB7F05D54D61870E3F61 /* [CP] Embed Pods Frameworks */ = {
			isa = PBXShellScriptBuildPhase;
			buildActionMask = 2147483647;
			files = (
			);
			inputFileListPaths = (
				"${PODS_ROOT}/Target Support Files/Pods-Weather-Wear/Pods-Weather-Wear-frameworks-${CONFIGURATION}-input-files.xcfilelist",
			);
			name = "[CP] Embed Pods Frameworks";
			outputFileListPaths = (
				"${PODS_ROOT}/Target Support Files/Pods-Weather-Wear/Pods-Weather-Wear-frameworks-${CONFIGURATION}-output-files.xcfilelist",
			);
			runOnlyForDeploymentPostprocessing = 0;
			shellPath = /bin/sh;
			shellScript = "\"${PODS_ROOT}/Target Support Files/Pods-Weather-Wear/Pods-Weather-Wear-frameworks.sh\"\n";
			showEnvVarsInLog = 0;
		};
/* End PBXShellScriptBuildPhase section */

/* Begin PBXSourcesBuildPhase section */
		2FB61CD9297C260500C5092E /* Sources */ = {
			isa = PBXSourcesBuildPhase;
			buildActionMask = 2147483647;
			files = (
				DBF94FFA297D5FF300F9A777 /* HomeViewController.swift in Sources */,
				2FB61CE5297C260500C5092E /* ViewController.swift in Sources */,
				2FB61CE1297C260500C5092E /* AppDelegate.swift in Sources */,
				DBFFB3512980071900E81E4D /* HomeWeatherInfo.swift in Sources */,
				2F4D58AF2980D70A003E1BC0 /* TabBarViewController.swift in Sources */,
				DBC076172980EA8200729178 /* HomeWearInfo.swift in Sources */,
				2FB61CE3297C260500C5092E /* SceneDelegate.swift in Sources */,
				2FCE639D297D505A009DF514 /* LoginViewController.swift in Sources */,
				2FCED25E29804041000947D2 /* WatchViewController.swift in Sources */,
				2F7514C8297C3EE000CF0733 /* MyPageViewController.swift in Sources */,
			);
			runOnlyForDeploymentPostprocessing = 0;
		};
/* End PBXSourcesBuildPhase section */

/* Begin PBXVariantGroup section */
		2FB61CE6297C260500C5092E /* Main.storyboard */ = {
			isa = PBXVariantGroup;
			children = (
				2FB61CE7297C260500C5092E /* Base */,
			);
			name = Main.storyboard;
			sourceTree = "<group>";
		};
		2FB61CEB297C260600C5092E /* LaunchScreen.storyboard */ = {
			isa = PBXVariantGroup;
			children = (
				2FB61CEC297C260600C5092E /* Base */,
			);
			name = LaunchScreen.storyboard;
			sourceTree = "<group>";
		};
/* End PBXVariantGroup section */

/* Begin XCBuildConfiguration section */
		2FB61CEF297C260600C5092E /* Debug */ = {
			isa = XCBuildConfiguration;
			buildSettings = {
				ALWAYS_SEARCH_USER_PATHS = NO;
				CLANG_ANALYZER_NONNULL = YES;
				CLANG_ANALYZER_NUMBER_OBJECT_CONVERSION = YES_AGGRESSIVE;
				CLANG_CXX_LANGUAGE_STANDARD = "gnu++20";
				CLANG_ENABLE_MODULES = YES;
				CLANG_ENABLE_OBJC_ARC = YES;
				CLANG_ENABLE_OBJC_WEAK = YES;
				CLANG_WARN_BLOCK_CAPTURE_AUTORELEASING = YES;
				CLANG_WARN_BOOL_CONVERSION = YES;
				CLANG_WARN_COMMA = YES;
				CLANG_WARN_CONSTANT_CONVERSION = YES;
				CLANG_WARN_DEPRECATED_OBJC_IMPLEMENTATIONS = YES;
				CLANG_WARN_DIRECT_OBJC_ISA_USAGE = YES_ERROR;
				CLANG_WARN_DOCUMENTATION_COMMENTS = YES;
				CLANG_WARN_EMPTY_BODY = YES;
				CLANG_WARN_ENUM_CONVERSION = YES;
				CLANG_WARN_INFINITE_RECURSION = YES;
				CLANG_WARN_INT_CONVERSION = YES;
				CLANG_WARN_NON_LITERAL_NULL_CONVERSION = YES;
				CLANG_WARN_OBJC_IMPLICIT_RETAIN_SELF = YES;
				CLANG_WARN_OBJC_LITERAL_CONVERSION = YES;
				CLANG_WARN_OBJC_ROOT_CLASS = YES_ERROR;
				CLANG_WARN_QUOTED_INCLUDE_IN_FRAMEWORK_HEADER = YES;
				CLANG_WARN_RANGE_LOOP_ANALYSIS = YES;
				CLANG_WARN_STRICT_PROTOTYPES = YES;
				CLANG_WARN_SUSPICIOUS_MOVE = YES;
				CLANG_WARN_UNGUARDED_AVAILABILITY = YES_AGGRESSIVE;
				CLANG_WARN_UNREACHABLE_CODE = YES;
				CLANG_WARN__DUPLICATE_METHOD_MATCH = YES;
				COPY_PHASE_STRIP = NO;
				DEBUG_INFORMATION_FORMAT = dwarf;
				ENABLE_STRICT_OBJC_MSGSEND = YES;
				ENABLE_TESTABILITY = YES;
				GCC_C_LANGUAGE_STANDARD = gnu11;
				GCC_DYNAMIC_NO_PIC = NO;
				GCC_NO_COMMON_BLOCKS = YES;
				GCC_OPTIMIZATION_LEVEL = 0;
				GCC_PREPROCESSOR_DEFINITIONS = (
					"DEBUG=1",
					"$(inherited)",
				);
				GCC_WARN_64_TO_32_BIT_CONVERSION = YES;
				GCC_WARN_ABOUT_RETURN_TYPE = YES_ERROR;
				GCC_WARN_UNDECLARED_SELECTOR = YES;
				GCC_WARN_UNINITIALIZED_AUTOS = YES_AGGRESSIVE;
				GCC_WARN_UNUSED_FUNCTION = YES;
				GCC_WARN_UNUSED_VARIABLE = YES;
				IPHONEOS_DEPLOYMENT_TARGET = 16.0;
				MTL_ENABLE_DEBUG_INFO = INCLUDE_SOURCE;
				MTL_FAST_MATH = YES;
				ONLY_ACTIVE_ARCH = YES;
				SDKROOT = iphoneos;
				SWIFT_ACTIVE_COMPILATION_CONDITIONS = DEBUG;
				SWIFT_OPTIMIZATION_LEVEL = "-Onone";
			};
			name = Debug;
		};
		2FB61CF0297C260600C5092E /* Release */ = {
			isa = XCBuildConfiguration;
			buildSettings = {
				ALWAYS_SEARCH_USER_PATHS = NO;
				CLANG_ANALYZER_NONNULL = YES;
				CLANG_ANALYZER_NUMBER_OBJECT_CONVERSION = YES_AGGRESSIVE;
				CLANG_CXX_LANGUAGE_STANDARD = "gnu++20";
				CLANG_ENABLE_MODULES = YES;
				CLANG_ENABLE_OBJC_ARC = YES;
				CLANG_ENABLE_OBJC_WEAK = YES;
				CLANG_WARN_BLOCK_CAPTURE_AUTORELEASING = YES;
				CLANG_WARN_BOOL_CONVERSION = YES;
				CLANG_WARN_COMMA = YES;
				CLANG_WARN_CONSTANT_CONVERSION = YES;
				CLANG_WARN_DEPRECATED_OBJC_IMPLEMENTATIONS = YES;
				CLANG_WARN_DIRECT_OBJC_ISA_USAGE = YES_ERROR;
				CLANG_WARN_DOCUMENTATION_COMMENTS = YES;
				CLANG_WARN_EMPTY_BODY = YES;
				CLANG_WARN_ENUM_CONVERSION = YES;
				CLANG_WARN_INFINITE_RECURSION = YES;
				CLANG_WARN_INT_CONVERSION = YES;
				CLANG_WARN_NON_LITERAL_NULL_CONVERSION = YES;
				CLANG_WARN_OBJC_IMPLICIT_RETAIN_SELF = YES;
				CLANG_WARN_OBJC_LITERAL_CONVERSION = YES;
				CLANG_WARN_OBJC_ROOT_CLASS = YES_ERROR;
				CLANG_WARN_QUOTED_INCLUDE_IN_FRAMEWORK_HEADER = YES;
				CLANG_WARN_RANGE_LOOP_ANALYSIS = YES;
				CLANG_WARN_STRICT_PROTOTYPES = YES;
				CLANG_WARN_SUSPICIOUS_MOVE = YES;
				CLANG_WARN_UNGUARDED_AVAILABILITY = YES_AGGRESSIVE;
				CLANG_WARN_UNREACHABLE_CODE = YES;
				CLANG_WARN__DUPLICATE_METHOD_MATCH = YES;
				COPY_PHASE_STRIP = NO;
				DEBUG_INFORMATION_FORMAT = "dwarf-with-dsym";
				ENABLE_NS_ASSERTIONS = NO;
				ENABLE_STRICT_OBJC_MSGSEND = YES;
				GCC_C_LANGUAGE_STANDARD = gnu11;
				GCC_NO_COMMON_BLOCKS = YES;
				GCC_WARN_64_TO_32_BIT_CONVERSION = YES;
				GCC_WARN_ABOUT_RETURN_TYPE = YES_ERROR;
				GCC_WARN_UNDECLARED_SELECTOR = YES;
				GCC_WARN_UNINITIALIZED_AUTOS = YES_AGGRESSIVE;
				GCC_WARN_UNUSED_FUNCTION = YES;
				GCC_WARN_UNUSED_VARIABLE = YES;
				IPHONEOS_DEPLOYMENT_TARGET = 16.0;
				MTL_ENABLE_DEBUG_INFO = NO;
				MTL_FAST_MATH = YES;
				SDKROOT = iphoneos;
				SWIFT_COMPILATION_MODE = wholemodule;
				SWIFT_OPTIMIZATION_LEVEL = "-O";
				VALIDATE_PRODUCT = YES;
			};
			name = Release;
		};
		2FB61CF2297C260600C5092E /* Debug */ = {
			isa = XCBuildConfiguration;
			baseConfigurationReference = F3FA15FE215FA167DC398DBB /* Pods-Weather-Wear.debug.xcconfig */;
			buildSettings = {
				ASSETCATALOG_COMPILER_APPICON_NAME = AppIcon;
				ASSETCATALOG_COMPILER_GLOBAL_ACCENT_COLOR_NAME = AccentColor;
				CODE_SIGN_STYLE = Automatic;
				CURRENT_PROJECT_VERSION = 1;
				GENERATE_INFOPLIST_FILE = YES;
				INFOPLIST_FILE = "Weather-Wear/Info.plist";
				INFOPLIST_KEY_UIApplicationSupportsIndirectInputEvents = YES;
				INFOPLIST_KEY_UILaunchStoryboardName = LaunchScreen;
				INFOPLIST_KEY_UIMainStoryboardFile = Main;
				INFOPLIST_KEY_UISupportedInterfaceOrientations_iPad = "UIInterfaceOrientationPortrait UIInterfaceOrientationPortraitUpsideDown UIInterfaceOrientationLandscapeLeft UIInterfaceOrientationLandscapeRight";
				INFOPLIST_KEY_UISupportedInterfaceOrientations_iPhone = "UIInterfaceOrientationPortrait UIInterfaceOrientationLandscapeLeft UIInterfaceOrientationLandscapeRight";
				LD_RUNPATH_SEARCH_PATHS = (
					"$(inherited)",
					"@executable_path/Frameworks",
				);
				MARKETING_VERSION = 1.0;
				PRODUCT_BUNDLE_IDENTIFIER = "com.winterguru.Weather-Wear";
				PRODUCT_NAME = "$(TARGET_NAME)";
				SWIFT_EMIT_LOC_STRINGS = YES;
				SWIFT_VERSION = 5.0;
				TARGETED_DEVICE_FAMILY = "1,2";
			};
			name = Debug;
		};
		2FB61CF3297C260600C5092E /* Release */ = {
			isa = XCBuildConfiguration;
			baseConfigurationReference = ACC1B18FFA9F17FDF2E19BB3 /* Pods-Weather-Wear.release.xcconfig */;
			buildSettings = {
				ASSETCATALOG_COMPILER_APPICON_NAME = AppIcon;
				ASSETCATALOG_COMPILER_GLOBAL_ACCENT_COLOR_NAME = AccentColor;
				CODE_SIGN_STYLE = Automatic;
				CURRENT_PROJECT_VERSION = 1;
				GENERATE_INFOPLIST_FILE = YES;
				INFOPLIST_FILE = "Weather-Wear/Info.plist";
				INFOPLIST_KEY_UIApplicationSupportsIndirectInputEvents = YES;
				INFOPLIST_KEY_UILaunchStoryboardName = LaunchScreen;
				INFOPLIST_KEY_UIMainStoryboardFile = Main;
				INFOPLIST_KEY_UISupportedInterfaceOrientations_iPad = "UIInterfaceOrientationPortrait UIInterfaceOrientationPortraitUpsideDown UIInterfaceOrientationLandscapeLeft UIInterfaceOrientationLandscapeRight";
				INFOPLIST_KEY_UISupportedInterfaceOrientations_iPhone = "UIInterfaceOrientationPortrait UIInterfaceOrientationLandscapeLeft UIInterfaceOrientationLandscapeRight";
				LD_RUNPATH_SEARCH_PATHS = (
					"$(inherited)",
					"@executable_path/Frameworks",
				);
				MARKETING_VERSION = 1.0;
				PRODUCT_BUNDLE_IDENTIFIER = "com.winterguru.Weather-Wear";
				PRODUCT_NAME = "$(TARGET_NAME)";
				SWIFT_EMIT_LOC_STRINGS = YES;
				SWIFT_VERSION = 5.0;
				TARGETED_DEVICE_FAMILY = "1,2";
			};
			name = Release;
		};
/* End XCBuildConfiguration section */

/* Begin XCConfigurationList section */
		2FB61CD8297C260500C5092E /* Build configuration list for PBXProject "Weather-Wear" */ = {
			isa = XCConfigurationList;
			buildConfigurations = (
				2FB61CEF297C260600C5092E /* Debug */,
				2FB61CF0297C260600C5092E /* Release */,
			);
			defaultConfigurationIsVisible = 0;
			defaultConfigurationName = Release;
		};
		2FB61CF1297C260600C5092E /* Build configuration list for PBXNativeTarget "Weather-Wear" */ = {
			isa = XCConfigurationList;
			buildConfigurations = (
				2FB61CF2297C260600C5092E /* Debug */,
				2FB61CF3297C260600C5092E /* Release */,
			);
			defaultConfigurationIsVisible = 0;
			defaultConfigurationName = Release;
		};
/* End XCConfigurationList section */
	};
	rootObject = 2FB61CD5297C260500C5092E /* Project object */;
}
